# This file is generated by running "yarn install" inside your project.
# Manual changes might be lost - proceed with caution!

__metadata:
  version: 4

"a@workspace:*, a@workspace:packages/a":
  version: 0.0.0-use.local
  resolution: "a@workspace:packages/a"
  languageName: unknown
  linkType: soft

"b@workspace:packages/b":
  version: 0.0.0-use.local
  resolution: "b@workspace:packages/b"
  dependencies:
    a: "workspace:*"
  languageName: unknown
  linkType: soft

"test-yarn-2-bug@workspace:.":
  version: 0.0.0-use.local
  resolution: "test-yarn-2-bug@workspace:."
  languageName: unknown
  linkType: soft
